
Microsoft Visual Studio Solution File, Format Version 12.00
# Visual Studio 2013
VisualStudioVersion = 12.0.31101.0
MinimumVisualStudioVersion = 10.0.40219.1
Project("{FAE04EC0-301F-11D3-BF4B-00C04F79EFBC}") = "StripeTestApplication", "StripeTestApplication\StripeTestApplication.csproj", "{92578598-AB32-48FE-829C-AEC6B9BE0E35}"
EndProject
Global
	GlobalSection(SolutionConfigurationPlatforms) = preSolution
		Debug|Any CPU = Debug|Any CPU
		Release|Any CPU = Release|Any CPU
	EndGlobalSection
	GlobalSection(ProjectConfigurationPlatforms) = postSolution
		{92578598-AB32-48FE-829C-AEC6B9BE0E35}.Debug|Any CPU.ActiveCfg = Debug|Any CPU
		{92578598-AB32-48FE-829C-AEC6B9BE0E35}.Debug|Any CPU.Build.0 = Debug|Any CPU
		{92578598-AB32-48FE-829C-AEC6B9BE0E35}.Release|Any CPU.ActiveCfg = Release|Any CPU
		{92578598-AB32-48FE-829C-AEC6B9BE0E35}.Release|Any CPU.Build.0 = Release|Any CPU
	EndGlobalSection
	GlobalSection(SolutionProperties) = preSolution
		HideSolutionNode = FALSE
	EndGlobalSection
EndGlobal
